// !$*UTF8*$!
{
	archiveVersion = 1;
	classes = {
	};
	objectVersion = 50;
	objects = {

/* Begin PBXBuildFile section */
		843D481721CD1BAC00D77B71 /* AppDelegate.swift in Sources */ = {isa = PBXBuildFile; fileRef = 843D481621CD1BAC00D77B71 /* AppDelegate.swift */; };
		843D481921CD1BAC00D77B71 /* ViewController.swift in Sources */ = {isa = PBXBuildFile; fileRef = 843D481821CD1BAC00D77B71 /* ViewController.swift */; };
		843D481E21CD1BAD00D77B71 /* Assets.xcassets in Resources */ = {isa = PBXBuildFile; fileRef = 843D481D21CD1BAD00D77B71 /* Assets.xcassets */; };
		843D482121CD1BAD00D77B71 /* LaunchScreen.storyboard in Resources */ = {isa = PBXBuildFile; fileRef = 843D481F21CD1BAD00D77B71 /* LaunchScreen.storyboard */; };
		843D483221CD1C6C00D77B71 /* CVBarItem.swift in Sources */ = {isa = PBXBuildFile; fileRef = 843D482921CD1C6C00D77B71 /* CVBarItem.swift */; };
		843D483321CD1C6C00D77B71 /* CVNavigationController.swift in Sources */ = {isa = PBXBuildFile; fileRef = 843D482A21CD1C6C00D77B71 /* CVNavigationController.swift */; };
		843D483421CD1C6C00D77B71 /* CVBarSpaceItem.swift in Sources */ = {isa = PBXBuildFile; fileRef = 843D482B21CD1C6C00D77B71 /* CVBarSpaceItem.swift */; };
		843D483521CD1C6C00D77B71 /* CVBarButtonItem.swift in Sources */ = {isa = PBXBuildFile; fileRef = 843D482C21CD1C6C00D77B71 /* CVBarButtonItem.swift */; };
		843D483621CD1C6C00D77B71 /* CVNavigation.UIViewController.swift in Sources */ = {isa = PBXBuildFile; fileRef = 843D482D21CD1C6C00D77B71 /* CVNavigation.UIViewController.swift */; };
		843D483721CD1C6C00D77B71 /* CVNavigation.bundle in Resources */ = {isa = PBXBuildFile; fileRef = 843D482E21CD1C6C00D77B71 /* CVNavigation.bundle */; };
		843D483821CD1C6C00D77B71 /* CVNavigationAppearance.swift in Sources */ = {isa = PBXBuildFile; fileRef = 843D482F21CD1C6C00D77B71 /* CVNavigationAppearance.swift */; };
		843D483921CD1C6C00D77B71 /* CVNavigationItem.swift in Sources */ = {isa = PBXBuildFile; fileRef = 843D483021CD1C6C00D77B71 /* CVNavigationItem.swift */; };
		843D483A21CD1C6C00D77B71 /* CVNavigationBar.swift in Sources */ = {isa = PBXBuildFile; fileRef = 843D483121CD1C6C00D77B71 /* CVNavigationBar.swift */; };
		843D483C21CD1CA000D77B71 /* BaseNavigationController.swift in Sources */ = {isa = PBXBuildFile; fileRef = 843D483B21CD1C9F00D77B71 /* BaseNavigationController.swift */; };
		843D483E21CD1D7600D77B71 /* SecondViewController.swift in Sources */ = {isa = PBXBuildFile; fileRef = 843D483D21CD1D7600D77B71 /* SecondViewController.swift */; };
/* End PBXBuildFile section */

/* Begin PBXFileReference section */
		843D481321CD1BAC00D77B71 /* CVNavigationController.app */ = {isa = PBXFileReference; explicitFileType = wrapper.application; includeInIndex = 0; path = CVNavigationController.app; sourceTree = BUILT_PRODUCTS_DIR; };
		843D481621CD1BAC00D77B71 /* AppDelegate.swift */ = {isa = PBXFileReference; lastKnownFileType = sourcecode.swift; path = AppDelegate.swift; sourceTree = "<group>"; };
		843D481821CD1BAC00D77B71 /* ViewController.swift */ = {isa = PBXFileReference; lastKnownFileType = sourcecode.swift; path = ViewController.swift; sourceTree = "<group>"; };
		843D481D21CD1BAD00D77B71 /* Assets.xcassets */ = {isa = PBXFileReference; lastKnownFileType = folder.assetcatalog; path = Assets.xcassets; sourceTree = "<group>"; };
		843D482021CD1BAD00D77B71 /* Base */ = {isa = PBXFileReference; lastKnownFileType = file.storyboard; name = Base; path = Base.lproj/LaunchScreen.storyboard; sourceTree = "<group>"; };
		843D482221CD1BAD00D77B71 /* Info.plist */ = {isa = PBXFileReference; lastKnownFileType = text.plist.xml; path = Info.plist; sourceTree = "<group>"; };
		843D482921CD1C6C00D77B71 /* CVBarItem.swift */ = {isa = PBXFileReference; fileEncoding = 4; lastKnownFileType = sourcecode.swift; path = CVBarItem.swift; sourceTree = "<group>"; };
		843D482A21CD1C6C00D77B71 /* CVNavigationController.swift */ = {isa = PBXFileReference; fileEncoding = 4; lastKnownFileType = sourcecode.swift; path = CVNavigationController.swift; sourceTree = "<group>"; };
		843D482B21CD1C6C00D77B71 /* CVBarSpaceItem.swift */ = {isa = PBXFileReference; fileEncoding = 4; lastKnownFileType = sourcecode.swift; path = CVBarSpaceItem.swift; sourceTree = "<group>"; };
		843D482C21CD1C6C00D77B71 /* CVBarButtonItem.swift */ = {isa = PBXFileReference; fileEncoding = 4; lastKnownFileType = sourcecode.swift; path = CVBarButtonItem.swift; sourceTree = "<group>"; };
		843D482D21CD1C6C00D77B71 /* CVNavigation.UIViewController.swift */ = {isa = PBXFileReference; fileEncoding = 4; lastKnownFileType = sourcecode.swift; path = CVNavigation.UIViewController.swift; sourceTree = "<group>"; };
		843D482E21CD1C6C00D77B71 /* CVNavigation.bundle */ = {isa = PBXFileReference; lastKnownFileType = "wrapper.plug-in"; path = CVNavigation.bundle; sourceTree = "<group>"; };
		843D482F21CD1C6C00D77B71 /* CVNavigationAppearance.swift */ = {isa = PBXFileReference; fileEncoding = 4; lastKnownFileType = sourcecode.swift; path = CVNavigationAppearance.swift; sourceTree = "<group>"; };
		843D483021CD1C6C00D77B71 /* CVNavigationItem.swift */ = {isa = PBXFileReference; fileEncoding = 4; lastKnownFileType = sourcecode.swift; path = CVNavigationItem.swift; sourceTree = "<group>"; };
		843D483121CD1C6C00D77B71 /* CVNavigationBar.swift */ = {isa = PBXFileReference; fileEncoding = 4; lastKnownFileType = sourcecode.swift; path = CVNavigationBar.swift; sourceTree = "<group>"; };
		843D483B21CD1C9F00D77B71 /* BaseNavigationController.swift */ = {isa = PBXFileReference; lastKnownFileType = sourcecode.swift; path = BaseNavigationController.swift; sourceTree = "<group>"; };
		843D483D21CD1D7600D77B71 /* SecondViewController.swift */ = {isa = PBXFileReference; lastKnownFileType = sourcecode.swift; path = SecondViewController.swift; sourceTree = "<group>"; };
/* End PBXFileReference section */

/* Begin PBXFrameworksBuildPhase section */
		843D481021CD1BAC00D77B71 /* Frameworks */ = {
			isa = PBXFrameworksBuildPhase;
			buildActionMask = 2147483647;
			files = (
			);
			runOnlyForDeploymentPostprocessing = 0;
		};
/* End PBXFrameworksBuildPhase section */

/* Begin PBXGroup section */
		843D480A21CD1BAC00D77B71 = {
			isa = PBXGroup;
			children = (
				843D481521CD1BAC00D77B71 /* CVNavigationController */,
				843D481421CD1BAC00D77B71 /* Products */,
			);
			sourceTree = "<group>";
		};
		843D481421CD1BAC00D77B71 /* Products */ = {
			isa = PBXGroup;
			children = (
				843D481321CD1BAC00D77B71 /* CVNavigationController.app */,
			);
			name = Products;
			sourceTree = "<group>";
		};
		843D481521CD1BAC00D77B71 /* CVNavigationController */ = {
			isa = PBXGroup;
			children = (
				843D481621CD1BAC00D77B71 /* AppDelegate.swift */,
				843D481821CD1BAC00D77B71 /* ViewController.swift */,
				843D483D21CD1D7600D77B71 /* SecondViewController.swift */,
				843D483B21CD1C9F00D77B71 /* BaseNavigationController.swift */,
				843D482821CD1C6C00D77B71 /* Classes */,
				843D481D21CD1BAD00D77B71 /* Assets.xcassets */,
				843D481F21CD1BAD00D77B71 /* LaunchScreen.storyboard */,
				843D482221CD1BAD00D77B71 /* Info.plist */,
			);
			path = CVNavigationController;
			sourceTree = "<group>";
		};
		843D482821CD1C6C00D77B71 /* Classes */ = {
			isa = PBXGroup;
			children = (
				843D482921CD1C6C00D77B71 /* CVBarItem.swift */,
				843D482A21CD1C6C00D77B71 /* CVNavigationController.swift */,
				843D482B21CD1C6C00D77B71 /* CVBarSpaceItem.swift */,
				843D482C21CD1C6C00D77B71 /* CVBarButtonItem.swift */,
				843D482D21CD1C6C00D77B71 /* CVNavigation.UIViewController.swift */,
				843D482E21CD1C6C00D77B71 /* CVNavigation.bundle */,
				843D482F21CD1C6C00D77B71 /* CVNavigationAppearance.swift */,
				843D483021CD1C6C00D77B71 /* CVNavigationItem.swift */,
				843D483121CD1C6C00D77B71 /* CVNavigationBar.swift */,
			);
			path = Classes;
			sourceTree = "<group>";
		};
/* End PBXGroup section */

/* Begin PBXNativeTarget section */
		843D481221CD1BAC00D77B71 /* CVNavigationController */ = {
			isa = PBXNativeTarget;
			buildConfigurationList = 843D482521CD1BAD00D77B71 /* Build configuration list for PBXNativeTarget "CVNavigationController" */;
			buildPhases = (
				843D480F21CD1BAC00D77B71 /* Sources */,
				843D481021CD1BAC00D77B71 /* Frameworks */,
				843D481121CD1BAC00D77B71 /* Resources */,
			);
			buildRules = (
			);
			dependencies = (
			);
			name = CVNavigationController;
			productName = CVNavigationController;
			productReference = 843D481321CD1BAC00D77B71 /* CVNavigationController.app */;
			productType = "com.apple.product-type.application";
		};
/* End PBXNativeTarget section */

/* Begin PBXProject section */
		843D480B21CD1BAC00D77B71 /* Project object */ = {
			isa = PBXProject;
			attributes = {
				LastSwiftUpdateCheck = 1010;
				LastUpgradeCheck = 1010;
				ORGANIZATIONNAME = "caven-twy";
				TargetAttributes = {
					843D481221CD1BAC00D77B71 = {
						CreatedOnToolsVersion = 10.1;
					};
				};
			};
			buildConfigurationList = 843D480E21CD1BAC00D77B71 /* Build configuration list for PBXProject "CVNavigationController" */;
			compatibilityVersion = "Xcode 9.3";
			developmentRegion = en;
			hasScannedForEncodings = 0;
			knownRegions = (
				en,
				Base,
			);
			mainGroup = 843D480A21CD1BAC00D77B71;
			productRefGroup = 843D481421CD1BAC00D77B71 /* Products */;
			projectDirPath = "";
			projectRoot = "";
			targets = (
				843D481221CD1BAC00D77B71 /* CVNavigationController */,
			);
		};
/* End PBXProject section */

/* Begin PBXResourcesBuildPhase section */
		843D481121CD1BAC00D77B71 /* Resources */ = {
			isa = PBXResourcesBuildPhase;
			buildActionMask = 2147483647;
			files = (
				843D482121CD1BAD00D77B71 /* LaunchScreen.storyboard in Resources */,
				843D483721CD1C6C00D77B71 /* CVNavigation.bundle in Resources */,
				843D481E21CD1BAD00D77B71 /* Assets.xcassets in Resources */,
			);
			runOnlyForDeploymentPostprocessing = 0;
		};
/* End PBXResourcesBuildPhase section */

/* Begin PBXSourcesBuildPhase section */
		843D480F21CD1BAC00D77B71 /* Sources */ = {
			isa = PBXSourcesBuildPhase;
			buildActionMask = 2147483647;
			files = (
				843D483E21CD1D7600D77B71 /* SecondViewController.swift in Sources */,
				843D483921CD1C6C00D77B71 /* CVNavigationItem.swift in Sources */,
				843D483821CD1C6C00D77B71 /* CVNavigationAppearance.swift in Sources */,
				843D483321CD1C6C00D77B71 /* CVNavigationController.swift in Sources */,
				843D481921CD1BAC00D77B71 /* ViewController.swift in Sources */,
				843D483221CD1C6C00D77B71 /* CVBarItem.swift in Sources */,
				843D483421CD1C6C00D77B71 /* CVBarSpaceItem.swift in Sources */,
				843D481721CD1BAC00D77B71 /* AppDelegate.swift in Sources */,
				843D483C21CD1CA000D77B71 /* BaseNavigationController.swift in Sources */,
				843D483521CD1C6C00D77B71 /* CVBarButtonItem.swift in Sources */,
				843D483A21CD1C6C00D77B71 /* CVNavigationBar.swift in Sources */,
				843D483621CD1C6C00D77B71 /* CVNavigation.UIViewController.swift in Sources */,
			);
			runOnlyForDeploymentPostprocessing = 0;
		};
/* End PBXSourcesBuildPhase section */

/* Begin PBXVariantGroup section */
		843D481F21CD1BAD00D77B71 /* LaunchScreen.storyboard */ = {
			isa = PBXVariantGroup;
			children = (
				843D482021CD1BAD00D77B71 /* Base */,
			);
			name = LaunchScreen.storyboard;
			sourceTree = "<group>";
		};
/* End PBXVariantGroup section */

/* Begin XCBuildConfiguration section */
		843D482321CD1BAD00D77B71 /* Debug */ = {
			isa = XCBuildConfiguration;
			buildSettings = {
				ALWAYS_SEARCH_USER_PATHS = NO;
				CLANG_ANALYZER_NONNULL = YES;
				CLANG_ANALYZER_NUMBER_OBJECT_CONVERSION = YES_AGGRESSIVE;
				CLANG_CXX_LANGUAGE_STANDARD = "gnu++14";
				CLANG_CXX_LIBRARY = "libc++";
				CLANG_ENABLE_MODULES = YES;
				CLANG_ENABLE_OBJC_ARC = YES;
				CLANG_ENABLE_OBJC_WEAK = YES;
				CLANG_WARN_BLOCK_CAPTURE_AUTORELEASING = YES;
				CLANG_WARN_BOOL_CONVERSION = YES;
				CLANG_WARN_COMMA = YES;
				CLANG_WARN_CONSTANT_CONVERSION = YES;
				CLANG_WARN_DEPRECATED_OBJC_IMPLEMENTATIONS = YES;
				CLANG_WARN_DIRECT_OBJC_ISA_USAGE = YES_ERROR;
				CLANG_WARN_DOCUMENTATION_COMMENTS = YES;
				CLANG_WARN_EMPTY_BODY = YES;
				CLANG_WARN_ENUM_CONVERSION = YES;
				CLANG_WARN_INFINITE_RECURSION = YES;
				CLANG_WARN_INT_CONVERSION = YES;
				CLANG_WARN_NON_LITERAL_NULL_CONVERSION = YES;
				CLANG_WARN_OBJC_IMPLICIT_RETAIN_SELF = YES;
				CLANG_WARN_OBJC_LITERAL_CONVERSION = YES;
				CLANG_WARN_OBJC_ROOT_CLASS = YES_ERROR;
				CLANG_WARN_RANGE_LOOP_ANALYSIS = YES;
				CLANG_WARN_STRICT_PROTOTYPES = YES;
				CLANG_WARN_SUSPICIOUS_MOVE = YES;
				CLANG_WARN_UNGUARDED_AVAILABILITY = YES_AGGRESSIVE;
				CLANG_WARN_UNREACHABLE_CODE = YES;
				CLANG_WARN__DUPLICATE_METHOD_MATCH = YES;
				CODE_SIGN_IDENTITY = "iPhone Developer";
				COPY_PHASE_STRIP = NO;
				DEBUG_INFORMATION_FORMAT = dwarf;
				ENABLE_STRICT_OBJC_MSGSEND = YES;
				ENABLE_TESTABILITY = YES;
				GCC_C_LANGUAGE_STANDARD = gnu11;
				GCC_DYNAMIC_NO_PIC = NO;
				GCC_NO_COMMON_BLOCKS = YES;
				GCC_OPTIMIZATION_LEVEL = 0;
				GCC_PREPROCESSOR_DEFINITIONS = (
					"DEBUG=1",
					"$(inherited)",
				);
				GCC_WARN_64_TO_32_BIT_CONVERSION = YES;
				GCC_WARN_ABOUT_RETURN_TYPE = YES_ERROR;
				GCC_WARN_UNDECLARED_SELECTOR = YES;
				GCC_WARN_UNINITIALIZED_AUTOS = YES_AGGRESSIVE;
				GCC_WARN_UNUSED_FUNCTION = YES;
				GCC_WARN_UNUSED_VARIABLE = YES;
				IPHONEOS_DEPLOYMENT_TARGET = 12.1;
				MTL_ENABLE_DEBUG_INFO = INCLUDE_SOURCE;
				MTL_FAST_MATH = YES;
				ONLY_ACTIVE_ARCH = YES;
				SDKROOT = iphoneos;
				SWIFT_ACTIVE_COMPILATION_CONDITIONS = DEBUG;
				SWIFT_OPTIMIZATION_LEVEL = "-Onone";
			};
			name = Debug;
		};
		843D482421CD1BAD00D77B71 /* Release */ = {
			isa = XCBuildConfiguration;
			buildSettings = {
				ALWAYS_SEARCH_USER_PATHS = NO;
				CLANG_ANALYZER_NONNULL = YES;
				CLANG_ANALYZER_NUMBER_OBJECT_CONVERSION = YES_AGGRESSIVE;
				CLANG_CXX_LANGUAGE_STANDARD = "gnu++14";
				CLANG_CXX_LIBRARY = "libc++";
				CLANG_ENABLE_MODULES = YES;
				CLANG_ENABLE_OBJC_ARC = YES;
				CLANG_ENABLE_OBJC_WEAK = YES;
				CLANG_WARN_BLOCK_CAPTURE_AUTORELEASING = YES;
				CLANG_WARN_BOOL_CONVERSION = YES;
				CLANG_WARN_COMMA = YES;
				CLANG_WARN_CONSTANT_CONVERSION = YES;
				CLANG_WARN_DEPRECATED_OBJC_IMPLEMENTATIONS = YES;
				CLANG_WARN_DIRECT_OBJC_ISA_USAGE = YES_ERROR;
				CLANG_WARN_DOCUMENTATION_COMMENTS = YES;
				CLANG_WARN_EMPTY_BODY = YES;
				CLANG_WARN_ENUM_CONVERSION = YES;
				CLANG_WARN_INFINITE_RECURSION = YES;
				CLANG_WARN_INT_CONVERSION = YES;
				CLANG_WARN_NON_LITERAL_NULL_CONVERSION = YES;
				CLANG_WARN_OBJC_IMPLICIT_RETAIN_SELF = YES;
				CLANG_WARN_OBJC_LITERAL_CONVERSION = YES;
				CLANG_WARN_OBJC_ROOT_CLASS = YES_ERROR;
				CLANG_WARN_RANGE_LOOP_ANALYSIS = YES;
				CLANG_WARN_STRICT_PROTOTYPES = YES;
				CLANG_WARN_SUSPICIOUS_MOVE = YES;
				CLANG_WARN_UNGUARDED_AVAILABILITY = YES_AGGRESSIVE;
				CLANG_WARN_UNREACHABLE_CODE = YES;
				CLANG_WARN__DUPLICATE_METHOD_MATCH = YES;
				CODE_SIGN_IDENTITY = "iPhone Developer";
				COPY_PHASE_STRIP = NO;
				DEBUG_INFORMATION_FORMAT = "dwarf-with-dsym";
				ENABLE_NS_ASSERTIONS = NO;
				ENABLE_STRICT_OBJC_MSGSEND = YES;
				GCC_C_LANGUAGE_STANDARD = gnu11;
				GCC_NO_COMMON_BLOCKS = YES;
				GCC_WARN_64_TO_32_BIT_CONVERSION = YES;
				GCC_WARN_ABOUT_RETURN_TYPE = YES_ERROR;
				GCC_WARN_UNDECLARED_SELECTOR = YES;
				GCC_WARN_UNINITIALIZED_AUTOS = YES_AGGRESSIVE;
				GCC_WARN_UNUSED_FUNCTION = YES;
				GCC_WARN_UNUSED_VARIABLE = YES;
				IPHONEOS_DEPLOYMENT_TARGET = 12.1;
				MTL_ENABLE_DEBUG_INFO = NO;
				MTL_FAST_MATH = YES;
				SDKROOT = iphoneos;
				SWIFT_COMPILATION_MODE = wholemodule;
				SWIFT_OPTIMIZATION_LEVEL = "-O";
				VALIDATE_PRODUCT = YES;
			};
			name = Release;
		};
		843D482621CD1BAD00D77B71 /* Debug */ = {
			isa = XCBuildConfiguration;
			buildSettings = {
				ASSETCATALOG_COMPILER_APPICON_NAME = AppIcon;
				CODE_SIGN_STYLE = Automatic;
				INFOPLIST_FILE = CVNavigationController/Info.plist;
				IPHONEOS_DEPLOYMENT_TARGET = 8.0;
				LD_RUNPATH_SEARCH_PATHS = (
					"$(inherited)",
					"@executable_path/Frameworks",
				);
				PRODUCT_BUNDLE_IDENTIFIER = "caven-twy.CVNavigationController";
				PRODUCT_NAME = "$(TARGET_NAME)";
				SWIFT_VERSION = 4.2;
				TARGETED_DEVICE_FAMILY = "1,2";
			};
			name = Debug;
		};
		843D482721CD1BAD00D77B71 /* Release */ = {
			isa = XCBuildConfiguration;
			buildSettings = {
				ASSETCATALOG_COMPILER_APPICON_NAME = AppIcon;
				CODE_SIGN_STYLE = Automatic;
				INFOPLIST_FILE = CVNavigationController/Info.plist;
				IPHONEOS_DEPLOYMENT_TARGET = 8.0;
				LD_RUNPATH_SEARCH_PATHS = (
					"$(inherited)",
					"@executable_path/Frameworks",
				);
				PRODUCT_BUNDLE_IDENTIFIER = "caven-twy.CVNavigationController";
				PRODUCT_NAME = "$(TARGET_NAME)";
				SWIFT_VERSION = 4.2;
				TARGETED_DEVICE_FAMILY = "1,2";
			};
			name = Release;
		};
/* End XCBuildConfiguration section */

/* Begin XCConfigurationList section */
		843D480E21CD1BAC00D77B71 /* Build configuration list for PBXProject "CVNavigationController" */ = {
			isa = XCConfigurationList;
			buildConfigurations = (
				843D482321CD1BAD00D77B71 /* Debug */,
				843D482421CD1BAD00D77B71 /* Release */,
			);
			defaultConfigurationIsVisible = 0;
			defaultConfigurationName = Release;
		};
		843D482521CD1BAD00D77B71 /* Build configuration list for PBXNativeTarget "CVNavigationController" */ = {
			isa = XCConfigurationList;
			buildConfigurations = (
				843D482621CD1BAD00D77B71 /* Debug */,
				843D482721CD1BAD00D77B71 /* Release */,
			);
			defaultConfigurationIsVisible = 0;
			defaultConfigurationName = Release;
		};
/* End XCConfigurationList section */
	};
	rootObject = 843D480B21CD1BAC00D77B71 /* Project object */;
}
